// !$*UTF8*$!
{
	archiveVersion = 1;
	classes = {
	};
	objectVersion = 55;
	objects = {

/* Begin PBXBuildFile section */
		EC37F92C2854DDBE008DEB9C /* WeatherViewController.swift in Sources */ = {isa = PBXBuildFile; fileRef = EC37F92B2854DDBE008DEB9C /* WeatherViewController.swift */; };
		EC37F92E2854DDC7008DEB9C /* Weather.storyboard in Resources */ = {isa = PBXBuildFile; fileRef = EC37F92D2854DDC7008DEB9C /* Weather.storyboard */; };
		EC37F9382855BE0C008DEB9C /* APIManager.swift in Sources */ = {isa = PBXBuildFile; fileRef = EC37F9372855BE0C008DEB9C /* APIManager.swift */; };
		EC37F93A2855BFA1008DEB9C /* Weather.swift in Sources */ = {isa = PBXBuildFile; fileRef = EC37F9392855BFA1008DEB9C /* Weather.swift */; };
		EC37F9402855C6C3008DEB9C /* WeatherViewModel.swift in Sources */ = {isa = PBXBuildFile; fileRef = EC37F93F2855C6C3008DEB9C /* WeatherViewModel.swift */; };
		EC8EC15828520ED100A744FE /* AppDelegate.swift in Sources */ = {isa = PBXBuildFile; fileRef = EC8EC15728520ED100A744FE /* AppDelegate.swift */; };
		EC8EC15A28520ED100A744FE /* SceneDelegate.swift in Sources */ = {isa = PBXBuildFile; fileRef = EC8EC15928520ED100A744FE /* SceneDelegate.swift */; };
		EC8EC16128520ED200A744FE /* Assets.xcassets in Resources */ = {isa = PBXBuildFile; fileRef = EC8EC16028520ED200A744FE /* Assets.xcassets */; };
		EC8EC16428520ED200A744FE /* LaunchScreen.storyboard in Resources */ = {isa = PBXBuildFile; fileRef = EC8EC16228520ED200A744FE /* LaunchScreen.storyboard */; };
/* End PBXBuildFile section */

/* Begin PBXFileReference section */
		EC37F92B2854DDBE008DEB9C /* WeatherViewController.swift */ = {isa = PBXFileReference; lastKnownFileType = sourcecode.swift; path = WeatherViewController.swift; sourceTree = "<group>"; };
		EC37F92D2854DDC7008DEB9C /* Weather.storyboard */ = {isa = PBXFileReference; lastKnownFileType = file.storyboard; path = Weather.storyboard; sourceTree = "<group>"; };
		EC37F9372855BE0C008DEB9C /* APIManager.swift */ = {isa = PBXFileReference; lastKnownFileType = sourcecode.swift; path = APIManager.swift; sourceTree = "<group>"; };
		EC37F9392855BFA1008DEB9C /* Weather.swift */ = {isa = PBXFileReference; lastKnownFileType = sourcecode.swift; path = Weather.swift; sourceTree = "<group>"; };
		EC37F93F2855C6C3008DEB9C /* WeatherViewModel.swift */ = {isa = PBXFileReference; lastKnownFileType = sourcecode.swift; path = WeatherViewModel.swift; sourceTree = "<group>"; };
		EC8EC15428520ED100A744FE /* Wanted_Weather.app */ = {isa = PBXFileReference; explicitFileType = wrapper.application; includeInIndex = 0; path = Wanted_Weather.app; sourceTree = BUILT_PRODUCTS_DIR; };
		EC8EC15728520ED100A744FE /* AppDelegate.swift */ = {isa = PBXFileReference; lastKnownFileType = sourcecode.swift; path = AppDelegate.swift; sourceTree = "<group>"; };
		EC8EC15928520ED100A744FE /* SceneDelegate.swift */ = {isa = PBXFileReference; lastKnownFileType = sourcecode.swift; path = SceneDelegate.swift; sourceTree = "<group>"; };
		EC8EC16028520ED200A744FE /* Assets.xcassets */ = {isa = PBXFileReference; lastKnownFileType = folder.assetcatalog; path = Assets.xcassets; sourceTree = "<group>"; };
		EC8EC16328520ED200A744FE /* Base */ = {isa = PBXFileReference; lastKnownFileType = file.storyboard; name = Base; path = Base.lproj/LaunchScreen.storyboard; sourceTree = "<group>"; };
		EC8EC16528520ED200A744FE /* Info.plist */ = {isa = PBXFileReference; lastKnownFileType = text.plist.xml; path = Info.plist; sourceTree = "<group>"; };
/* End PBXFileReference section */

/* Begin PBXFrameworksBuildPhase section */
		EC8EC15128520ED100A744FE /* Frameworks */ = {
			isa = PBXFrameworksBuildPhase;
			buildActionMask = 2147483647;
			files = (
			);
			runOnlyForDeploymentPostprocessing = 0;
		};
/* End PBXFrameworksBuildPhase section */

/* Begin PBXGroup section */
		EC37F9262854DD61008DEB9C /* Presentation */ = {
			isa = PBXGroup;
			children = (
				EC37F92A2854DDAA008DEB9C /* Weather */,
			);
			path = Presentation;
			sourceTree = "<group>";
		};
		EC37F9272854DD6F008DEB9C /* Resource */ = {
			isa = PBXGroup;
			children = (
				EC8EC16228520ED200A744FE /* LaunchScreen.storyboard */,
				EC8EC16028520ED200A744FE /* Assets.xcassets */,
			);
			path = Resource;
			sourceTree = "<group>";
		};
		EC37F9292854DD7E008DEB9C /* Application */ = {
			isa = PBXGroup;
			children = (
				EC8EC15728520ED100A744FE /* AppDelegate.swift */,
				EC8EC15928520ED100A744FE /* SceneDelegate.swift */,
			);
			path = Application;
			sourceTree = "<group>";
		};
		EC37F92A2854DDAA008DEB9C /* Weather */ = {
			isa = PBXGroup;
			children = (
				EC37F92B2854DDBE008DEB9C /* WeatherViewController.swift */,
				EC37F92D2854DDC7008DEB9C /* Weather.storyboard */,
				EC37F93F2855C6C3008DEB9C /* WeatherViewModel.swift */,
			);
			path = Weather;
			sourceTree = "<group>";
		};
		EC37F9352855BDFC008DEB9C /* Service */ = {
			isa = PBXGroup;
			children = (
				EC37F9362855BE02008DEB9C /* Network */,
			);
			path = Service;
			sourceTree = "<group>";
		};
		EC37F9362855BE02008DEB9C /* Network */ = {
			isa = PBXGroup;
			children = (
				EC37F9372855BE0C008DEB9C /* APIManager.swift */,
				EC37F9392855BFA1008DEB9C /* Weather.swift */,
			);
			path = Network;
			sourceTree = "<group>";
		};
		EC8EC14B28520ED100A744FE = {
			isa = PBXGroup;
			children = (
				EC8EC15628520ED100A744FE /* Wanted_Weather */,
				EC8EC15528520ED100A744FE /* Products */,
			);
			sourceTree = "<group>";
		};
		EC8EC15528520ED100A744FE /* Products */ = {
			isa = PBXGroup;
			children = (
				EC8EC15428520ED100A744FE /* Wanted_Weather.app */,
			);
			name = Products;
			sourceTree = "<group>";
		};
		EC8EC15628520ED100A744FE /* Wanted_Weather */ = {
			isa = PBXGroup;
			children = (
				EC37F9352855BDFC008DEB9C /* Service */,
				EC37F9292854DD7E008DEB9C /* Application */,
				EC37F9272854DD6F008DEB9C /* Resource */,
				EC37F9262854DD61008DEB9C /* Presentation */,
				EC8EC16528520ED200A744FE /* Info.plist */,
			);
			path = Wanted_Weather;
			sourceTree = "<group>";
		};
/* End PBXGroup section */

/* Begin PBXNativeTarget section */
		EC8EC15328520ED100A744FE /* Wanted_Weather */ = {
			isa = PBXNativeTarget;
			buildConfigurationList = EC8EC16828520ED200A744FE /* Build configuration list for PBXNativeTarget "Wanted_Weather" */;
			buildPhases = (
				EC8EC15028520ED100A744FE /* Sources */,
				EC8EC15128520ED100A744FE /* Frameworks */,
				EC8EC15228520ED100A744FE /* Resources */,
			);
			buildRules = (
			);
			dependencies = (
			);
			name = Wanted_Weather;
			productName = Wanted_Weather;
			productReference = EC8EC15428520ED100A744FE /* Wanted_Weather.app */;
			productType = "com.apple.product-type.application";
		};
/* End PBXNativeTarget section */

/* Begin PBXProject section */
		EC8EC14C28520ED100A744FE /* Project object */ = {
			isa = PBXProject;
			attributes = {
				BuildIndependentTargetsInParallel = 1;
				LastSwiftUpdateCheck = 1340;
				LastUpgradeCheck = 1340;
				TargetAttributes = {
					EC8EC15328520ED100A744FE = {
						CreatedOnToolsVersion = 13.4.1;
					};
				};
			};
			buildConfigurationList = EC8EC14F28520ED100A744FE /* Build configuration list for PBXProject "Wanted_Weather" */;
			compatibilityVersion = "Xcode 13.0";
			developmentRegion = en;
			hasScannedForEncodings = 0;
			knownRegions = (
				en,
				Base,
			);
			mainGroup = EC8EC14B28520ED100A744FE;
			productRefGroup = EC8EC15528520ED100A744FE /* Products */;
			projectDirPath = "";
			projectRoot = "";
			targets = (
				EC8EC15328520ED100A744FE /* Wanted_Weather */,
			);
		};
/* End PBXProject section */

/* Begin PBXResourcesBuildPhase section */
		EC8EC15228520ED100A744FE /* Resources */ = {
			isa = PBXResourcesBuildPhase;
			buildActionMask = 2147483647;
			files = (
				EC8EC16428520ED200A744FE /* LaunchScreen.storyboard in Resources */,
				EC37F92E2854DDC7008DEB9C /* Weather.storyboard in Resources */,
				EC8EC16128520ED200A744FE /* Assets.xcassets in Resources */,
			);
			runOnlyForDeploymentPostprocessing = 0;
		};
/* End PBXResourcesBuildPhase section */

/* Begin PBXSourcesBuildPhase section */
		EC8EC15028520ED100A744FE /* Sources */ = {
			isa = PBXSourcesBuildPhase;
			buildActionMask = 2147483647;
			files = (
				EC37F9382855BE0C008DEB9C /* APIManager.swift in Sources */,
				EC37F9402855C6C3008DEB9C /* WeatherViewModel.swift in Sources */,
				EC8EC15828520ED100A744FE /* AppDelegate.swift in Sources */,
				EC37F92C2854DDBE008DEB9C /* WeatherViewController.swift in Sources */,
				EC8EC15A28520ED100A744FE /* SceneDelegate.swift in Sources */,
				EC37F93A2855BFA1008DEB9C /* Weather.swift in Sources */,
			);
			runOnlyForDeploymentPostprocessing = 0;
		};
/* End PBXSourcesBuildPhase section */

/* Begin PBXVariantGroup section */
		EC8EC16228520ED200A744FE /* LaunchScreen.storyboard */ = {
			isa = PBXVariantGroup;
			children = (
				EC8EC16328520ED200A744FE /* Base */,
			);
			name = LaunchScreen.storyboard;
			sourceTree = "<group>";
		};
/* End PBXVariantGroup section */

/* Begin XCBuildConfiguration section */
		EC8EC16628520ED200A744FE /* Debug */ = {
			isa = XCBuildConfiguration;
			buildSettings = {
				ALWAYS_SEARCH_USER_PATHS = NO;
				CLANG_ANALYZER_NONNULL = YES;
				CLANG_ANALYZER_NUMBER_OBJECT_CONVERSION = YES_AGGRESSIVE;
				CLANG_CXX_LANGUAGE_STANDARD = "gnu++17";
				CLANG_ENABLE_MODULES = YES;
				CLANG_ENABLE_OBJC_ARC = YES;
				CLANG_ENABLE_OBJC_WEAK = YES;
				CLANG_WARN_BLOCK_CAPTURE_AUTORELEASING = YES;
				CLANG_WARN_BOOL_CONVERSION = YES;
				CLANG_WARN_COMMA = YES;
				CLANG_WARN_CONSTANT_CONVERSION = YES;
				CLANG_WARN_DEPRECATED_OBJC_IMPLEMENTATIONS = YES;
				CLANG_WARN_DIRECT_OBJC_ISA_USAGE = YES_ERROR;
				CLANG_WARN_DOCUMENTATION_COMMENTS = YES;
				CLANG_WARN_EMPTY_BODY = YES;
				CLANG_WARN_ENUM_CONVERSION = YES;
				CLANG_WARN_INFINITE_RECURSION = YES;
				CLANG_WARN_INT_CONVERSION = YES;
				CLANG_WARN_NON_LITERAL_NULL_CONVERSION = YES;
				CLANG_WARN_OBJC_IMPLICIT_RETAIN_SELF = YES;
				CLANG_WARN_OBJC_LITERAL_CONVERSION = YES;
				CLANG_WARN_OBJC_ROOT_CLASS = YES_ERROR;
				CLANG_WARN_QUOTED_INCLUDE_IN_FRAMEWORK_HEADER = YES;
				CLANG_WARN_RANGE_LOOP_ANALYSIS = YES;
				CLANG_WARN_STRICT_PROTOTYPES = YES;
				CLANG_WARN_SUSPICIOUS_MOVE = YES;
				CLANG_WARN_UNGUARDED_AVAILABILITY = YES_AGGRESSIVE;
				CLANG_WARN_UNREACHABLE_CODE = YES;
				CLANG_WARN__DUPLICATE_METHOD_MATCH = YES;
				COPY_PHASE_STRIP = NO;
				DEBUG_INFORMATION_FORMAT = dwarf;
				ENABLE_STRICT_OBJC_MSGSEND = YES;
				ENABLE_TESTABILITY = YES;
				GCC_C_LANGUAGE_STANDARD = gnu11;
				GCC_DYNAMIC_NO_PIC = NO;
				GCC_NO_COMMON_BLOCKS = YES;
				GCC_OPTIMIZATION_LEVEL = 0;
				GCC_PREPROCESSOR_DEFINITIONS = (
					"DEBUG=1",
					"$(inherited)",
				);
				GCC_WARN_64_TO_32_BIT_CONVERSION = YES;
				GCC_WARN_ABOUT_RETURN_TYPE = YES_ERROR;
				GCC_WARN_UNDECLARED_SELECTOR = YES;
				GCC_WARN_UNINITIALIZED_AUTOS = YES_AGGRESSIVE;
				GCC_WARN_UNUSED_FUNCTION = YES;
				GCC_WARN_UNUSED_VARIABLE = YES;
				IPHONEOS_DEPLOYMENT_TARGET = 15.5;
				MTL_ENABLE_DEBUG_INFO = INCLUDE_SOURCE;
				MTL_FAST_MATH = YES;
				ONLY_ACTIVE_ARCH = YES;
				SDKROOT = iphoneos;
				SWIFT_ACTIVE_COMPILATION_CONDITIONS = DEBUG;
				SWIFT_OPTIMIZATION_LEVEL = "-Onone";
			};
			name = Debug;
		};
		EC8EC16728520ED200A744FE /* Release */ = {
			isa = XCBuildConfiguration;
			buildSettings = {
				ALWAYS_SEARCH_USER_PATHS = NO;
				CLANG_ANALYZER_NONNULL = YES;
				CLANG_ANALYZER_NUMBER_OBJECT_CONVERSION = YES_AGGRESSIVE;
				CLANG_CXX_LANGUAGE_STANDARD = "gnu++17";
				CLANG_ENABLE_MODULES = YES;
				CLANG_ENABLE_OBJC_ARC = YES;
				CLANG_ENABLE_OBJC_WEAK = YES;
				CLANG_WARN_BLOCK_CAPTURE_AUTORELEASING = YES;
				CLANG_WARN_BOOL_CONVERSION = YES;
				CLANG_WARN_COMMA = YES;
				CLANG_WARN_CONSTANT_CONVERSION = YES;
				CLANG_WARN_DEPRECATED_OBJC_IMPLEMENTATIONS = YES;
				CLANG_WARN_DIRECT_OBJC_ISA_USAGE = YES_ERROR;
				CLANG_WARN_DOCUMENTATION_COMMENTS = YES;
				CLANG_WARN_EMPTY_BODY = YES;
				CLANG_WARN_ENUM_CONVERSION = YES;
				CLANG_WARN_INFINITE_RECURSION = YES;
				CLANG_WARN_INT_CONVERSION = YES;
				CLANG_WARN_NON_LITERAL_NULL_CONVERSION = YES;
				CLANG_WARN_OBJC_IMPLICIT_RETAIN_SELF = YES;
				CLANG_WARN_OBJC_LITERAL_CONVERSION = YES;
				CLANG_WARN_OBJC_ROOT_CLASS = YES_ERROR;
				CLANG_WARN_QUOTED_INCLUDE_IN_FRAMEWORK_HEADER = YES;
				CLANG_WARN_RANGE_LOOP_ANALYSIS = YES;
				CLANG_WARN_STRICT_PROTOTYPES = YES;
				CLANG_WARN_SUSPICIOUS_MOVE = YES;
				CLANG_WARN_UNGUARDED_AVAILABILITY = YES_AGGRESSIVE;
				CLANG_WARN_UNREACHABLE_CODE = YES;
				CLANG_WARN__DUPLICATE_METHOD_MATCH = YES;
				COPY_PHASE_STRIP = NO;
				DEBUG_INFORMATION_FORMAT = "dwarf-with-dsym";
				ENABLE_NS_ASSERTIONS = NO;
				ENABLE_STRICT_OBJC_MSGSEND = YES;
				GCC_C_LANGUAGE_STANDARD = gnu11;
				GCC_NO_COMMON_BLOCKS = YES;
				GCC_WARN_64_TO_32_BIT_CONVERSION = YES;
				GCC_WARN_ABOUT_RETURN_TYPE = YES_ERROR;
				GCC_WARN_UNDECLARED_SELECTOR = YES;
				GCC_WARN_UNINITIALIZED_AUTOS = YES_AGGRESSIVE;
				GCC_WARN_UNUSED_FUNCTION = YES;
				GCC_WARN_UNUSED_VARIABLE = YES;
				IPHONEOS_DEPLOYMENT_TARGET = 15.5;
				MTL_ENABLE_DEBUG_INFO = NO;
				MTL_FAST_MATH = YES;
				SDKROOT = iphoneos;
				SWIFT_COMPILATION_MODE = wholemodule;
				SWIFT_OPTIMIZATION_LEVEL = "-O";
				VALIDATE_PRODUCT = YES;
			};
			name = Release;
		};
		EC8EC16928520ED200A744FE /* Debug */ = {
			isa = XCBuildConfiguration;
			buildSettings = {
				ASSETCATALOG_COMPILER_APPICON_NAME = AppIcon;
				ASSETCATALOG_COMPILER_GLOBAL_ACCENT_COLOR_NAME = AccentColor;
				CODE_SIGN_STYLE = Automatic;
				CURRENT_PROJECT_VERSION = 1;
				GENERATE_INFOPLIST_FILE = YES;
				INFOPLIST_FILE = Wanted_Weather/Info.plist;
				INFOPLIST_KEY_UIApplicationSupportsIndirectInputEvents = YES;
				INFOPLIST_KEY_UILaunchStoryboardName = LaunchScreen;
				INFOPLIST_KEY_UIMainStoryboardFile = Weather;
				INFOPLIST_KEY_UISupportedInterfaceOrientations_iPad = "UIInterfaceOrientationPortrait UIInterfaceOrientationPortraitUpsideDown UIInterfaceOrientationLandscapeLeft UIInterfaceOrientationLandscapeRight";
				INFOPLIST_KEY_UISupportedInterfaceOrientations_iPhone = "UIInterfaceOrientationPortrait UIInterfaceOrientationLandscapeLeft UIInterfaceOrientationLandscapeRight";
				LD_RUNPATH_SEARCH_PATHS = (
					"$(inherited)",
					"@executable_path/Frameworks",
				);
				MARKETING_VERSION = 1.0;
				PRODUCT_BUNDLE_IDENTIFIER = "seungchan.Wanted-Weather";
				PRODUCT_NAME = "$(TARGET_NAME)";
				SWIFT_EMIT_LOC_STRINGS = YES;
				SWIFT_VERSION = 5.0;
				TARGETED_DEVICE_FAMILY = "1,2";
			};
			name = Debug;
		};
		EC8EC16A28520ED200A744FE /* Release */ = {
			isa = XCBuildConfiguration;
			buildSettings = {
				ASSETCATALOG_COMPILER_APPICON_NAME = AppIcon;
				ASSETCATALOG_COMPILER_GLOBAL_ACCENT_COLOR_NAME = AccentColor;
				CODE_SIGN_STYLE = Automatic;
				CURRENT_PROJECT_VERSION = 1;
				GENERATE_INFOPLIST_FILE = YES;
				INFOPLIST_FILE = Wanted_Weather/Info.plist;
				INFOPLIST_KEY_UIApplicationSupportsIndirectInputEvents = YES;
				INFOPLIST_KEY_UILaunchStoryboardName = LaunchScreen;
				INFOPLIST_KEY_UIMainStoryboardFile = Weather;
				INFOPLIST_KEY_UISupportedInterfaceOrientations_iPad = "UIInterfaceOrientationPortrait UIInterfaceOrientationPortraitUpsideDown UIInterfaceOrientationLandscapeLeft UIInterfaceOrientationLandscapeRight";
				INFOPLIST_KEY_UISupportedInterfaceOrientations_iPhone = "UIInterfaceOrientationPortrait UIInterfaceOrientationLandscapeLeft UIInterfaceOrientationLandscapeRight";
				LD_RUNPATH_SEARCH_PATHS = (
					"$(inherited)",
					"@executable_path/Frameworks",
				);
				MARKETING_VERSION = 1.0;
				PRODUCT_BUNDLE_IDENTIFIER = "seungchan.Wanted-Weather";
				PRODUCT_NAME = "$(TARGET_NAME)";
				SWIFT_EMIT_LOC_STRINGS = YES;
				SWIFT_VERSION = 5.0;
				TARGETED_DEVICE_FAMILY = "1,2";
			};
			name = Release;
		};
/* End XCBuildConfiguration section */

/* Begin XCConfigurationList section */
		EC8EC14F28520ED100A744FE /* Build configuration list for PBXProject "Wanted_Weather" */ = {
			isa = XCConfigurationList;
			buildConfigurations = (
				EC8EC16628520ED200A744FE /* Debug */,
				EC8EC16728520ED200A744FE /* Release */,
			);
			defaultConfigurationIsVisible = 0;
			defaultConfigurationName = Release;
		};
		EC8EC16828520ED200A744FE /* Build configuration list for PBXNativeTarget "Wanted_Weather" */ = {
			isa = XCConfigurationList;
			buildConfigurations = (
				EC8EC16928520ED200A744FE /* Debug */,
				EC8EC16A28520ED200A744FE /* Release */,
			);
			defaultConfigurationIsVisible = 0;
			defaultConfigurationName = Release;
		};
/* End XCConfigurationList section */
	};
	rootObject = EC8EC14C28520ED100A744FE /* Project object */;
}
