// !$*UTF8*$!
{
	archiveVersion = 1;
	classes = {
	};
	objectVersion = 55;
	objects = {

/* Begin PBXBuildFile section */
		EC9223F4285AEC8B00152E91 /* AppDelegate.swift in Sources */ = {isa = PBXBuildFile; fileRef = EC9223F3285AEC8B00152E91 /* AppDelegate.swift */; };
		EC9223F6285AEC8B00152E91 /* SceneDelegate.swift in Sources */ = {isa = PBXBuildFile; fileRef = EC9223F5285AEC8B00152E91 /* SceneDelegate.swift */; };
		EC9223FD285AEC8C00152E91 /* Assets.xcassets in Resources */ = {isa = PBXBuildFile; fileRef = EC9223FC285AEC8C00152E91 /* Assets.xcassets */; };
		EC922400285AEC8C00152E91 /* LaunchScreen.storyboard in Resources */ = {isa = PBXBuildFile; fileRef = EC9223FE285AEC8C00152E91 /* LaunchScreen.storyboard */; };
		EC922408285AECC600152E91 /* WeatherViewController.swift in Sources */ = {isa = PBXBuildFile; fileRef = EC922407285AECC600152E91 /* WeatherViewController.swift */; };
		EC92240A285AED1300152E91 /* WeatherView.swift in Sources */ = {isa = PBXBuildFile; fileRef = EC922409285AED1300152E91 /* WeatherView.swift */; };
		EC92240C285AED1C00152E91 /* WeatherViewModel.swift in Sources */ = {isa = PBXBuildFile; fileRef = EC92240B285AED1C00152E91 /* WeatherViewModel.swift */; };
		EC92240E285AED9000152E91 /* APIManager.swift in Sources */ = {isa = PBXBuildFile; fileRef = EC92240D285AED9000152E91 /* APIManager.swift */; };
		EC922410285AEDA800152E91 /* Weather.swift in Sources */ = {isa = PBXBuildFile; fileRef = EC92240F285AEDA800152E91 /* Weather.swift */; };
		EC922416285AEE0400152E91 /* WeatherDetailViewController.swift in Sources */ = {isa = PBXBuildFile; fileRef = EC922415285AEE0400152E91 /* WeatherDetailViewController.swift */; };
		EC922418285AEE1400152E91 /* WeatherDetailView.swift in Sources */ = {isa = PBXBuildFile; fileRef = EC922417285AEE1400152E91 /* WeatherDetailView.swift */; };
		EC92241E285AF1A800152E91 /* ViewPresentable.swift in Sources */ = {isa = PBXBuildFile; fileRef = EC92241D285AF1A800152E91 /* ViewPresentable.swift */; };
		EC922420285AF1D600152E91 /* Observable.swift in Sources */ = {isa = PBXBuildFile; fileRef = EC92241F285AF1D600152E91 /* Observable.swift */; };
		EC922422285AF1F500152E91 /* BaseViewController.swift in Sources */ = {isa = PBXBuildFile; fileRef = EC922421285AF1F500152E91 /* BaseViewController.swift */; };
		EC922429285AF25400152E91 /* WeatherDetailViewModel.swift in Sources */ = {isa = PBXBuildFile; fileRef = EC922428285AF25400152E91 /* WeatherDetailViewModel.swift */; };
		EC92242D285AF42500152E91 /* APIKey.plist in Resources */ = {isa = PBXBuildFile; fileRef = EC92242C285AF42500152E91 /* APIKey.plist */; };
		EC922431285AF5DA00152E91 /* Bundle.swift in Sources */ = {isa = PBXBuildFile; fileRef = EC922430285AF5DA00152E91 /* Bundle.swift */; };
/* End PBXBuildFile section */

/* Begin PBXFileReference section */
		EC9223F0285AEC8B00152E91 /* wanted_Weather.app */ = {isa = PBXFileReference; explicitFileType = wrapper.application; includeInIndex = 0; path = wanted_Weather.app; sourceTree = BUILT_PRODUCTS_DIR; };
		EC9223F3285AEC8B00152E91 /* AppDelegate.swift */ = {isa = PBXFileReference; lastKnownFileType = sourcecode.swift; path = AppDelegate.swift; sourceTree = "<group>"; };
		EC9223F5285AEC8B00152E91 /* SceneDelegate.swift */ = {isa = PBXFileReference; lastKnownFileType = sourcecode.swift; path = SceneDelegate.swift; sourceTree = "<group>"; };
		EC9223FC285AEC8C00152E91 /* Assets.xcassets */ = {isa = PBXFileReference; lastKnownFileType = folder.assetcatalog; path = Assets.xcassets; sourceTree = "<group>"; };
		EC9223FF285AEC8C00152E91 /* Base */ = {isa = PBXFileReference; lastKnownFileType = file.storyboard; name = Base; path = Base.lproj/LaunchScreen.storyboard; sourceTree = "<group>"; };
		EC922401285AEC8C00152E91 /* Info.plist */ = {isa = PBXFileReference; lastKnownFileType = text.plist.xml; path = Info.plist; sourceTree = "<group>"; };
		EC922407285AECC600152E91 /* WeatherViewController.swift */ = {isa = PBXFileReference; lastKnownFileType = sourcecode.swift; path = WeatherViewController.swift; sourceTree = "<group>"; };
		EC922409285AED1300152E91 /* WeatherView.swift */ = {isa = PBXFileReference; lastKnownFileType = sourcecode.swift; path = WeatherView.swift; sourceTree = "<group>"; };
		EC92240B285AED1C00152E91 /* WeatherViewModel.swift */ = {isa = PBXFileReference; lastKnownFileType = sourcecode.swift; path = WeatherViewModel.swift; sourceTree = "<group>"; };
		EC92240D285AED9000152E91 /* APIManager.swift */ = {isa = PBXFileReference; lastKnownFileType = sourcecode.swift; path = APIManager.swift; sourceTree = "<group>"; };
		EC92240F285AEDA800152E91 /* Weather.swift */ = {isa = PBXFileReference; lastKnownFileType = sourcecode.swift; path = Weather.swift; sourceTree = "<group>"; };
		EC922415285AEE0400152E91 /* WeatherDetailViewController.swift */ = {isa = PBXFileReference; lastKnownFileType = sourcecode.swift; path = WeatherDetailViewController.swift; sourceTree = "<group>"; };
		EC922417285AEE1400152E91 /* WeatherDetailView.swift */ = {isa = PBXFileReference; lastKnownFileType = sourcecode.swift; path = WeatherDetailView.swift; sourceTree = "<group>"; };
		EC92241D285AF1A800152E91 /* ViewPresentable.swift */ = {isa = PBXFileReference; lastKnownFileType = sourcecode.swift; path = ViewPresentable.swift; sourceTree = "<group>"; };
		EC92241F285AF1D600152E91 /* Observable.swift */ = {isa = PBXFileReference; lastKnownFileType = sourcecode.swift; path = Observable.swift; sourceTree = "<group>"; };
		EC922421285AF1F500152E91 /* BaseViewController.swift */ = {isa = PBXFileReference; lastKnownFileType = sourcecode.swift; path = BaseViewController.swift; sourceTree = "<group>"; };
		EC922428285AF25400152E91 /* WeatherDetailViewModel.swift */ = {isa = PBXFileReference; lastKnownFileType = sourcecode.swift; path = WeatherDetailViewModel.swift; sourceTree = "<group>"; };
		EC92242C285AF42500152E91 /* APIKey.plist */ = {isa = PBXFileReference; lastKnownFileType = text.plist.xml; path = APIKey.plist; sourceTree = "<group>"; };
		EC922430285AF5DA00152E91 /* Bundle.swift */ = {isa = PBXFileReference; lastKnownFileType = sourcecode.swift; path = Bundle.swift; sourceTree = "<group>"; };
/* End PBXFileReference section */

/* Begin PBXFrameworksBuildPhase section */
		EC9223ED285AEC8B00152E91 /* Frameworks */ = {
			isa = PBXFrameworksBuildPhase;
			buildActionMask = 2147483647;
			files = (
			);
			runOnlyForDeploymentPostprocessing = 0;
		};
/* End PBXFrameworksBuildPhase section */

/* Begin PBXGroup section */
		EC9223E7285AEC8B00152E91 = {
			isa = PBXGroup;
			children = (
				EC9223F2285AEC8B00152E91 /* wanted_Weather */,
				EC9223F1285AEC8B00152E91 /* Products */,
			);
			sourceTree = "<group>";
		};
		EC9223F1285AEC8B00152E91 /* Products */ = {
			isa = PBXGroup;
			children = (
				EC9223F0285AEC8B00152E91 /* wanted_Weather.app */,
			);
			name = Products;
			sourceTree = "<group>";
		};
		EC9223F2285AEC8B00152E91 /* wanted_Weather */ = {
			isa = PBXGroup;
			children = (
				EC922411285AEDD400152E91 /* Application */,
				EC92242A285AF26700152E91 /* Manager */,
				EC92242B285AF26E00152E91 /* Model */,
				EC922419285AEF9200152E91 /* Util */,
				EC922412285AEDE100152E91 /* View */,
				EC922425285AF22A00152E91 /* ViewModel */,
				EC922424285AF22000152E91 /* Resource */,
				EC92242C285AF42500152E91 /* APIKey.plist */,
				EC922401285AEC8C00152E91 /* Info.plist */,
			);
			path = wanted_Weather;
			sourceTree = "<group>";
		};
		EC922411285AEDD400152E91 /* Application */ = {
			isa = PBXGroup;
			children = (
				EC9223F3285AEC8B00152E91 /* AppDelegate.swift */,
				EC9223F5285AEC8B00152E91 /* SceneDelegate.swift */,
			);
			path = Application;
			sourceTree = "<group>";
		};
		EC922412285AEDE100152E91 /* View */ = {
			isa = PBXGroup;
			children = (
				EC922413285AEDE500152E91 /* Weather */,
				EC922414285AEDEA00152E91 /* WeatherDetail */,
			);
			path = View;
			sourceTree = "<group>";
		};
		EC922413285AEDE500152E91 /* Weather */ = {
			isa = PBXGroup;
			children = (
				EC922409285AED1300152E91 /* WeatherView.swift */,
				EC922407285AECC600152E91 /* WeatherViewController.swift */,
			);
			path = Weather;
			sourceTree = "<group>";
		};
		EC922414285AEDEA00152E91 /* WeatherDetail */ = {
			isa = PBXGroup;
			children = (
				EC922417285AEE1400152E91 /* WeatherDetailView.swift */,
				EC922415285AEE0400152E91 /* WeatherDetailViewController.swift */,
			);
			path = WeatherDetail;
			sourceTree = "<group>";
		};
		EC922419285AEF9200152E91 /* Util */ = {
			isa = PBXGroup;
			children = (
				EC92242E285AF5CC00152E91 /* Extension */,
				EC922423285AF1F800152E91 /* Base */,
				EC92241B285AEFA400152E91 /* Protocol */,
				EC92241A285AEF9D00152E91 /* Observable */,
			);
			path = Util;
			sourceTree = "<group>";
		};
		EC92241A285AEF9D00152E91 /* Observable */ = {
			isa = PBXGroup;
			children = (
				EC92241F285AF1D600152E91 /* Observable.swift */,
			);
			path = Observable;
			sourceTree = "<group>";
		};
		EC92241B285AEFA400152E91 /* Protocol */ = {
			isa = PBXGroup;
			children = (
				EC92241D285AF1A800152E91 /* ViewPresentable.swift */,
			);
			path = Protocol;
			sourceTree = "<group>";
		};
		EC922423285AF1F800152E91 /* Base */ = {
			isa = PBXGroup;
			children = (
				EC922421285AF1F500152E91 /* BaseViewController.swift */,
			);
			path = Base;
			sourceTree = "<group>";
		};
		EC922424285AF22000152E91 /* Resource */ = {
			isa = PBXGroup;
			children = (
				EC9223FC285AEC8C00152E91 /* Assets.xcassets */,
				EC9223FE285AEC8C00152E91 /* LaunchScreen.storyboard */,
			);
			path = Resource;
			sourceTree = "<group>";
		};
		EC922425285AF22A00152E91 /* ViewModel */ = {
			isa = PBXGroup;
			children = (
				EC922426285AF22E00152E91 /* Weather */,
				EC922427285AF23400152E91 /* WeatherDetail */,
			);
			path = ViewModel;
			sourceTree = "<group>";
		};
		EC922426285AF22E00152E91 /* Weather */ = {
			isa = PBXGroup;
			children = (
				EC92240B285AED1C00152E91 /* WeatherViewModel.swift */,
			);
			path = Weather;
			sourceTree = "<group>";
		};
		EC922427285AF23400152E91 /* WeatherDetail */ = {
			isa = PBXGroup;
			children = (
				EC922428285AF25400152E91 /* WeatherDetailViewModel.swift */,
			);
			path = WeatherDetail;
			sourceTree = "<group>";
		};
		EC92242A285AF26700152E91 /* Manager */ = {
			isa = PBXGroup;
			children = (
				EC92240D285AED9000152E91 /* APIManager.swift */,
			);
			path = Manager;
			sourceTree = "<group>";
		};
		EC92242B285AF26E00152E91 /* Model */ = {
			isa = PBXGroup;
			children = (
				EC92240F285AEDA800152E91 /* Weather.swift */,
			);
			path = Model;
			sourceTree = "<group>";
		};
		EC92242E285AF5CC00152E91 /* Extension */ = {
			isa = PBXGroup;
			children = (
				EC922430285AF5DA00152E91 /* Bundle.swift */,
			);
			path = Extension;
			sourceTree = "<group>";
		};
/* End PBXGroup section */

/* Begin PBXNativeTarget section */
		EC9223EF285AEC8B00152E91 /* wanted_Weather */ = {
			isa = PBXNativeTarget;
			buildConfigurationList = EC922404285AEC8C00152E91 /* Build configuration list for PBXNativeTarget "wanted_Weather" */;
			buildPhases = (
				EC9223EC285AEC8B00152E91 /* Sources */,
				EC9223ED285AEC8B00152E91 /* Frameworks */,
				EC9223EE285AEC8B00152E91 /* Resources */,
			);
			buildRules = (
			);
			dependencies = (
			);
			name = wanted_Weather;
			productName = wanted_Weather;
			productReference = EC9223F0285AEC8B00152E91 /* wanted_Weather.app */;
			productType = "com.apple.product-type.application";
		};
/* End PBXNativeTarget section */

/* Begin PBXProject section */
		EC9223E8285AEC8B00152E91 /* Project object */ = {
			isa = PBXProject;
			attributes = {
				BuildIndependentTargetsInParallel = 1;
				LastSwiftUpdateCheck = 1340;
				LastUpgradeCheck = 1340;
				TargetAttributes = {
					EC9223EF285AEC8B00152E91 = {
						CreatedOnToolsVersion = 13.4.1;
					};
				};
			};
			buildConfigurationList = EC9223EB285AEC8B00152E91 /* Build configuration list for PBXProject "wanted_Weather" */;
			compatibilityVersion = "Xcode 13.0";
			developmentRegion = en;
			hasScannedForEncodings = 0;
			knownRegions = (
				en,
				Base,
			);
			mainGroup = EC9223E7285AEC8B00152E91;
			productRefGroup = EC9223F1285AEC8B00152E91 /* Products */;
			projectDirPath = "";
			projectRoot = "";
			targets = (
				EC9223EF285AEC8B00152E91 /* wanted_Weather */,
			);
		};
/* End PBXProject section */

/* Begin PBXResourcesBuildPhase section */
		EC9223EE285AEC8B00152E91 /* Resources */ = {
			isa = PBXResourcesBuildPhase;
			buildActionMask = 2147483647;
			files = (
				EC92242D285AF42500152E91 /* APIKey.plist in Resources */,
				EC922400285AEC8C00152E91 /* LaunchScreen.storyboard in Resources */,
				EC9223FD285AEC8C00152E91 /* Assets.xcassets in Resources */,
			);
			runOnlyForDeploymentPostprocessing = 0;
		};
/* End PBXResourcesBuildPhase section */

/* Begin PBXSourcesBuildPhase section */
		EC9223EC285AEC8B00152E91 /* Sources */ = {
			isa = PBXSourcesBuildPhase;
			buildActionMask = 2147483647;
			files = (
				EC922420285AF1D600152E91 /* Observable.swift in Sources */,
				EC922431285AF5DA00152E91 /* Bundle.swift in Sources */,
				EC92241E285AF1A800152E91 /* ViewPresentable.swift in Sources */,
				EC92240E285AED9000152E91 /* APIManager.swift in Sources */,
				EC92240C285AED1C00152E91 /* WeatherViewModel.swift in Sources */,
				EC922416285AEE0400152E91 /* WeatherDetailViewController.swift in Sources */,
				EC922422285AF1F500152E91 /* BaseViewController.swift in Sources */,
				EC9223F4285AEC8B00152E91 /* AppDelegate.swift in Sources */,
				EC922408285AECC600152E91 /* WeatherViewController.swift in Sources */,
				EC9223F6285AEC8B00152E91 /* SceneDelegate.swift in Sources */,
				EC922418285AEE1400152E91 /* WeatherDetailView.swift in Sources */,
				EC92240A285AED1300152E91 /* WeatherView.swift in Sources */,
				EC922410285AEDA800152E91 /* Weather.swift in Sources */,
				EC922429285AF25400152E91 /* WeatherDetailViewModel.swift in Sources */,
			);
			runOnlyForDeploymentPostprocessing = 0;
		};
/* End PBXSourcesBuildPhase section */

/* Begin PBXVariantGroup section */
		EC9223FE285AEC8C00152E91 /* LaunchScreen.storyboard */ = {
			isa = PBXVariantGroup;
			children = (
				EC9223FF285AEC8C00152E91 /* Base */,
			);
			name = LaunchScreen.storyboard;
			sourceTree = "<group>";
		};
/* End PBXVariantGroup section */

/* Begin XCBuildConfiguration section */
		EC922402285AEC8C00152E91 /* Debug */ = {
			isa = XCBuildConfiguration;
			buildSettings = {
				ALWAYS_SEARCH_USER_PATHS = NO;
				CLANG_ANALYZER_NONNULL = YES;
				CLANG_ANALYZER_NUMBER_OBJECT_CONVERSION = YES_AGGRESSIVE;
				CLANG_CXX_LANGUAGE_STANDARD = "gnu++17";
				CLANG_ENABLE_MODULES = YES;
				CLANG_ENABLE_OBJC_ARC = YES;
				CLANG_ENABLE_OBJC_WEAK = YES;
				CLANG_WARN_BLOCK_CAPTURE_AUTORELEASING = YES;
				CLANG_WARN_BOOL_CONVERSION = YES;
				CLANG_WARN_COMMA = YES;
				CLANG_WARN_CONSTANT_CONVERSION = YES;
				CLANG_WARN_DEPRECATED_OBJC_IMPLEMENTATIONS = YES;
				CLANG_WARN_DIRECT_OBJC_ISA_USAGE = YES_ERROR;
				CLANG_WARN_DOCUMENTATION_COMMENTS = YES;
				CLANG_WARN_EMPTY_BODY = YES;
				CLANG_WARN_ENUM_CONVERSION = YES;
				CLANG_WARN_INFINITE_RECURSION = YES;
				CLANG_WARN_INT_CONVERSION = YES;
				CLANG_WARN_NON_LITERAL_NULL_CONVERSION = YES;
				CLANG_WARN_OBJC_IMPLICIT_RETAIN_SELF = YES;
				CLANG_WARN_OBJC_LITERAL_CONVERSION = YES;
				CLANG_WARN_OBJC_ROOT_CLASS = YES_ERROR;
				CLANG_WARN_QUOTED_INCLUDE_IN_FRAMEWORK_HEADER = YES;
				CLANG_WARN_RANGE_LOOP_ANALYSIS = YES;
				CLANG_WARN_STRICT_PROTOTYPES = YES;
				CLANG_WARN_SUSPICIOUS_MOVE = YES;
				CLANG_WARN_UNGUARDED_AVAILABILITY = YES_AGGRESSIVE;
				CLANG_WARN_UNREACHABLE_CODE = YES;
				CLANG_WARN__DUPLICATE_METHOD_MATCH = YES;
				COPY_PHASE_STRIP = NO;
				DEBUG_INFORMATION_FORMAT = dwarf;
				ENABLE_STRICT_OBJC_MSGSEND = YES;
				ENABLE_TESTABILITY = YES;
				GCC_C_LANGUAGE_STANDARD = gnu11;
				GCC_DYNAMIC_NO_PIC = NO;
				GCC_NO_COMMON_BLOCKS = YES;
				GCC_OPTIMIZATION_LEVEL = 0;
				GCC_PREPROCESSOR_DEFINITIONS = (
					"DEBUG=1",
					"$(inherited)",
				);
				GCC_WARN_64_TO_32_BIT_CONVERSION = YES;
				GCC_WARN_ABOUT_RETURN_TYPE = YES_ERROR;
				GCC_WARN_UNDECLARED_SELECTOR = YES;
				GCC_WARN_UNINITIALIZED_AUTOS = YES_AGGRESSIVE;
				GCC_WARN_UNUSED_FUNCTION = YES;
				GCC_WARN_UNUSED_VARIABLE = YES;
				IPHONEOS_DEPLOYMENT_TARGET = 15.5;
				MTL_ENABLE_DEBUG_INFO = INCLUDE_SOURCE;
				MTL_FAST_MATH = YES;
				ONLY_ACTIVE_ARCH = YES;
				SDKROOT = iphoneos;
				SWIFT_ACTIVE_COMPILATION_CONDITIONS = DEBUG;
				SWIFT_OPTIMIZATION_LEVEL = "-Onone";
			};
			name = Debug;
		};
		EC922403285AEC8C00152E91 /* Release */ = {
			isa = XCBuildConfiguration;
			buildSettings = {
				ALWAYS_SEARCH_USER_PATHS = NO;
				CLANG_ANALYZER_NONNULL = YES;
				CLANG_ANALYZER_NUMBER_OBJECT_CONVERSION = YES_AGGRESSIVE;
				CLANG_CXX_LANGUAGE_STANDARD = "gnu++17";
				CLANG_ENABLE_MODULES = YES;
				CLANG_ENABLE_OBJC_ARC = YES;
				CLANG_ENABLE_OBJC_WEAK = YES;
				CLANG_WARN_BLOCK_CAPTURE_AUTORELEASING = YES;
				CLANG_WARN_BOOL_CONVERSION = YES;
				CLANG_WARN_COMMA = YES;
				CLANG_WARN_CONSTANT_CONVERSION = YES;
				CLANG_WARN_DEPRECATED_OBJC_IMPLEMENTATIONS = YES;
				CLANG_WARN_DIRECT_OBJC_ISA_USAGE = YES_ERROR;
				CLANG_WARN_DOCUMENTATION_COMMENTS = YES;
				CLANG_WARN_EMPTY_BODY = YES;
				CLANG_WARN_ENUM_CONVERSION = YES;
				CLANG_WARN_INFINITE_RECURSION = YES;
				CLANG_WARN_INT_CONVERSION = YES;
				CLANG_WARN_NON_LITERAL_NULL_CONVERSION = YES;
				CLANG_WARN_OBJC_IMPLICIT_RETAIN_SELF = YES;
				CLANG_WARN_OBJC_LITERAL_CONVERSION = YES;
				CLANG_WARN_OBJC_ROOT_CLASS = YES_ERROR;
				CLANG_WARN_QUOTED_INCLUDE_IN_FRAMEWORK_HEADER = YES;
				CLANG_WARN_RANGE_LOOP_ANALYSIS = YES;
				CLANG_WARN_STRICT_PROTOTYPES = YES;
				CLANG_WARN_SUSPICIOUS_MOVE = YES;
				CLANG_WARN_UNGUARDED_AVAILABILITY = YES_AGGRESSIVE;
				CLANG_WARN_UNREACHABLE_CODE = YES;
				CLANG_WARN__DUPLICATE_METHOD_MATCH = YES;
				COPY_PHASE_STRIP = NO;
				DEBUG_INFORMATION_FORMAT = "dwarf-with-dsym";
				ENABLE_NS_ASSERTIONS = NO;
				ENABLE_STRICT_OBJC_MSGSEND = YES;
				GCC_C_LANGUAGE_STANDARD = gnu11;
				GCC_NO_COMMON_BLOCKS = YES;
				GCC_WARN_64_TO_32_BIT_CONVERSION = YES;
				GCC_WARN_ABOUT_RETURN_TYPE = YES_ERROR;
				GCC_WARN_UNDECLARED_SELECTOR = YES;
				GCC_WARN_UNINITIALIZED_AUTOS = YES_AGGRESSIVE;
				GCC_WARN_UNUSED_FUNCTION = YES;
				GCC_WARN_UNUSED_VARIABLE = YES;
				IPHONEOS_DEPLOYMENT_TARGET = 15.5;
				MTL_ENABLE_DEBUG_INFO = NO;
				MTL_FAST_MATH = YES;
				SDKROOT = iphoneos;
				SWIFT_COMPILATION_MODE = wholemodule;
				SWIFT_OPTIMIZATION_LEVEL = "-O";
				VALIDATE_PRODUCT = YES;
			};
			name = Release;
		};
		EC922405285AEC8C00152E91 /* Debug */ = {
			isa = XCBuildConfiguration;
			buildSettings = {
				ASSETCATALOG_COMPILER_APPICON_NAME = AppIcon;
				ASSETCATALOG_COMPILER_GLOBAL_ACCENT_COLOR_NAME = AccentColor;
				CODE_SIGN_STYLE = Automatic;
				CURRENT_PROJECT_VERSION = 1;
				GENERATE_INFOPLIST_FILE = YES;
				INFOPLIST_FILE = wanted_Weather/Info.plist;
				INFOPLIST_KEY_UIApplicationSupportsIndirectInputEvents = YES;
				INFOPLIST_KEY_UILaunchStoryboardName = LaunchScreen;
				INFOPLIST_KEY_UISupportedInterfaceOrientations_iPad = "UIInterfaceOrientationPortrait UIInterfaceOrientationPortraitUpsideDown UIInterfaceOrientationLandscapeLeft UIInterfaceOrientationLandscapeRight";
				INFOPLIST_KEY_UISupportedInterfaceOrientations_iPhone = "UIInterfaceOrientationPortrait UIInterfaceOrientationLandscapeLeft UIInterfaceOrientationLandscapeRight";
				LD_RUNPATH_SEARCH_PATHS = (
					"$(inherited)",
					"@executable_path/Frameworks",
				);
				MARKETING_VERSION = 1.0;
				PRODUCT_BUNDLE_IDENTIFIER = "seungchan.wanted-Weather";
				PRODUCT_NAME = "$(TARGET_NAME)";
				SWIFT_EMIT_LOC_STRINGS = YES;
				SWIFT_VERSION = 5.0;
				TARGETED_DEVICE_FAMILY = "1,2";
			};
			name = Debug;
		};
		EC922406285AEC8C00152E91 /* Release */ = {
			isa = XCBuildConfiguration;
			buildSettings = {
				ASSETCATALOG_COMPILER_APPICON_NAME = AppIcon;
				ASSETCATALOG_COMPILER_GLOBAL_ACCENT_COLOR_NAME = AccentColor;
				CODE_SIGN_STYLE = Automatic;
				CURRENT_PROJECT_VERSION = 1;
				GENERATE_INFOPLIST_FILE = YES;
				INFOPLIST_FILE = wanted_Weather/Info.plist;
				INFOPLIST_KEY_UIApplicationSupportsIndirectInputEvents = YES;
				INFOPLIST_KEY_UILaunchStoryboardName = LaunchScreen;
				INFOPLIST_KEY_UISupportedInterfaceOrientations_iPad = "UIInterfaceOrientationPortrait UIInterfaceOrientationPortraitUpsideDown UIInterfaceOrientationLandscapeLeft UIInterfaceOrientationLandscapeRight";
				INFOPLIST_KEY_UISupportedInterfaceOrientations_iPhone = "UIInterfaceOrientationPortrait UIInterfaceOrientationLandscapeLeft UIInterfaceOrientationLandscapeRight";
				LD_RUNPATH_SEARCH_PATHS = (
					"$(inherited)",
					"@executable_path/Frameworks",
				);
				MARKETING_VERSION = 1.0;
				PRODUCT_BUNDLE_IDENTIFIER = "seungchan.wanted-Weather";
				PRODUCT_NAME = "$(TARGET_NAME)";
				SWIFT_EMIT_LOC_STRINGS = YES;
				SWIFT_VERSION = 5.0;
				TARGETED_DEVICE_FAMILY = "1,2";
			};
			name = Release;
		};
/* End XCBuildConfiguration section */

/* Begin XCConfigurationList section */
		EC9223EB285AEC8B00152E91 /* Build configuration list for PBXProject "wanted_Weather" */ = {
			isa = XCConfigurationList;
			buildConfigurations = (
				EC922402285AEC8C00152E91 /* Debug */,
				EC922403285AEC8C00152E91 /* Release */,
			);
			defaultConfigurationIsVisible = 0;
			defaultConfigurationName = Release;
		};
		EC922404285AEC8C00152E91 /* Build configuration list for PBXNativeTarget "wanted_Weather" */ = {
			isa = XCConfigurationList;
			buildConfigurations = (
				EC922405285AEC8C00152E91 /* Debug */,
				EC922406285AEC8C00152E91 /* Release */,
			);
			defaultConfigurationIsVisible = 0;
			defaultConfigurationName = Release;
		};
/* End XCConfigurationList section */
	};
	rootObject = EC9223E8285AEC8B00152E91 /* Project object */;
}
